
Microsoft Visual Studio Solution File, Format Version 12.00
# Visual Studio 15
VisualStudioVersion = 15.0.28307.271
MinimumVisualStudioVersion = 10.0.40219.1
Project("{888888A0-9F3D-457C-B088-3A5042F75D52}") = "GeoTwitter Search", "TwitterSearch\GeoTwitter Search.pyproj", "{A6B222CC-3472-474E-90D2-2C41B88A50A8}"
EndProject
Global
	GlobalSection(SolutionConfigurationPlatforms) = preSolution
		Debug|Any CPU = Debug|Any CPU
		Release|Any CPU = Release|Any CPU
	EndGlobalSection
	GlobalSection(ProjectConfigurationPlatforms) = postSolution
		{A6B222CC-3472-474E-90D2-2C41B88A50A8}.Debug|Any CPU.ActiveCfg = Debug|Any CPU
		{A6B222CC-3472-474E-90D2-2C41B88A50A8}.Release|Any CPU.ActiveCfg = Release|Any CPU
	EndGlobalSection
	GlobalSection(SolutionProperties) = preSolution
		HideSolutionNode = FALSE
	EndGlobalSection
	GlobalSection(ExtensibilityGlobals) = postSolution
		SolutionGuid = {D4ED8067-C3BF-419F-919E-B92B1A59E428}
	EndGlobalSection
EndGlobal
