
Microsoft Visual Studio Solution File, Format Version 12.00
# Visual Studio 15
VisualStudioVersion = 15.0.28010.2026
MinimumVisualStudioVersion = 10.0.40219.1
Project("{FAE04EC0-301F-11D3-BF4B-00C04F79EFBC}") = "TwitterWebSearch", "TwitterWebSearch\TwitterWebSearch.csproj", "{9B6688BF-0958-4EE2-B8AA-D04BB3CA12DC}"
EndProject
Global
	GlobalSection(SolutionConfigurationPlatforms) = preSolution
		Debug|Any CPU = Debug|Any CPU
		Release|Any CPU = Release|Any CPU
	EndGlobalSection
	GlobalSection(ProjectConfigurationPlatforms) = postSolution
		{9B6688BF-0958-4EE2-B8AA-D04BB3CA12DC}.Debug|Any CPU.ActiveCfg = Debug|Any CPU
		{9B6688BF-0958-4EE2-B8AA-D04BB3CA12DC}.Debug|Any CPU.Build.0 = Debug|Any CPU
		{9B6688BF-0958-4EE2-B8AA-D04BB3CA12DC}.Release|Any CPU.ActiveCfg = Release|Any CPU
		{9B6688BF-0958-4EE2-B8AA-D04BB3CA12DC}.Release|Any CPU.Build.0 = Release|Any CPU
	EndGlobalSection
	GlobalSection(SolutionProperties) = preSolution
		HideSolutionNode = FALSE
	EndGlobalSection
	GlobalSection(ExtensibilityGlobals) = postSolution
		SolutionGuid = {AB364666-5840-4839-996F-862B98FBACC6}
	EndGlobalSection
EndGlobal
